{
  "version": 4,
  "terraform_version": "1.14.2",
  "serial": 41,
  "lineage": "19b906ad-fae8-8b2a-c57c-8756a5e702a6",
  "outputs": {
    "alb_sg_id": {
      "value": "sg-01f708ed233e7634f",
      "type": "string"
    },
    "api_task_role_arn": {
      "value": "arn:aws:iam::067614922044:role/doc-ingestion-dev-api-task",
      "type": "string"
    },
    "docs_bucket_name": {
      "value": "doc-ingestion-dev-docs",
      "type": "string"
    },
    "ecs_cluster_name": {
      "value": "doc-ingestion-dev-cluster",
      "type": "string"
    },
    "ecs_execution_role_arn": {
      "value": "arn:aws:iam::067614922044:role/doc-ingestion-dev-ecs-task-exec",
      "type": "string"
    },
    "ecs_sg_id": {
      "value": "sg-0c762d981c62424a3",
      "type": "string"
    },
    "vpc_id": {
      "value": "vpc-02ee0947e4a6a2743",
      "type": "string"
    },
    "worker_task_role_arn": {
      "value": "arn:aws:iam::067614922044:role/doc-ingestion-dev-worker-task",
      "type": "string"
    }
  },
  "resources": [
    {
      "module": "module.cloudwatch_logs",
      "mode": "managed",
      "type": "aws_cloudwatch_log_group",
      "name": "this",
      "provider": "provider[\"registry.terraform.io/hashicorp/aws\"]",
      "instances": [
        {
          "index_key": "/ecs/doc-ingestion-api",
          "schema_version": 0,
          "attributes": {
            "arn": "arn:aws:logs:ap-southeast-2:067614922044:log-group:/ecs/doc-ingestion-api",
            "deletion_protection_enabled": false,
            "id": "/ecs/doc-ingestion-api",
            "kms_key_id": "",
            "log_group_class": "STANDARD",
            "name": "/ecs/doc-ingestion-api",
            "name_prefix": "",
            "region": "ap-southeast-2",
            "retention_in_days": 7,
            "skip_destroy": false,
            "tags": {
              "Environment": "dev",
              "Project": "doc-ingestion"
            },
            "tags_all": {
              "Environment": "dev",
              "Project": "doc-ingestion"
            }
          },
          "sensitive_attributes": [],
          "identity_schema_version": 0,
          "identity": {
            "account_id": "067614922044",
            "name": "/ecs/doc-ingestion-api",
            "region": "ap-southeast-2"
          },
          "private": "bnVsbA=="
        },
        {
          "index_key": "/ecs/doc-ingestion-worker",
          "schema_version": 0,
          "attributes": {
            "arn": "arn:aws:logs:ap-southeast-2:067614922044:log-group:/ecs/doc-ingestion-worker",
            "deletion_protection_enabled": false,
            "id": "/ecs/doc-ingestion-worker",
            "kms_key_id": "",
            "log_group_class": "STANDARD",
            "name": "/ecs/doc-ingestion-worker",
            "name_prefix": "",
            "region": "ap-southeast-2",
            "retention_in_days": 7,
            "skip_destroy": false,
            "tags": {
              "Environment": "dev",
              "Project": "doc-ingestion"
            },
            "tags_all": {
              "Environment": "dev",
              "Project": "doc-ingestion"
            }
          },
          "sensitive_attributes": [],
          "identity_schema_version": 0,
          "identity": {
            "account_id": "067614922044",
            "name": "/ecs/doc-ingestion-worker",
            "region": "ap-southeast-2"
          },
          "private": "bnVsbA=="
        }
      ]
    },
    {
      "module": "module.ecr",
      "mode": "managed",
      "type": "aws_ecr_repository",
      "name": "this",
      "provider": "provider[\"registry.terraform.io/hashicorp/aws\"]",
      "instances": [
        {
          "index_key": "doc-ingestion-api",
          "schema_version": 0,
          "attributes": {
            "arn": "arn:aws:ecr:ap-southeast-2:067614922044:repository/doc-ingestion-api",
            "encryption_configuration": [
              {
                "encryption_type": "AES256",
                "kms_key": ""
              }
            ],
            "force_delete": null,
            "id": "doc-ingestion-api",
            "image_scanning_configuration": [
              {
                "scan_on_push": true
              }
            ],
            "image_tag_mutability": "MUTABLE",
            "image_tag_mutability_exclusion_filter": [],
            "name": "doc-ingestion-api",
            "region": "ap-southeast-2",
            "registry_id": "067614922044",
            "repository_url": "067614922044.dkr.ecr.ap-southeast-2.amazonaws.com/doc-ingestion-api",
            "tags": {
              "Environment": "dev",
              "Project": "doc-ingestion"
            },
            "tags_all": {
              "Environment": "dev",
              "Project": "doc-ingestion"
            },
            "timeouts": null
          },
          "sensitive_attributes": [],
          "identity_schema_version": 0,
          "identity": {
            "account_id": "067614922044",
            "name": "doc-ingestion-api",
            "region": "ap-southeast-2"
          },
          "private": "eyJlMmJmYjczMC1lY2FhLTExZTYtOGY4OC0zNDM2M2JjN2M0YzAiOnsiZGVsZXRlIjoxMjAwMDAwMDAwMDAwfX0="
        },
        {
          "index_key": "doc-ingestion-worker",
          "schema_version": 0,
          "attributes": {
            "arn": "arn:aws:ecr:ap-southeast-2:067614922044:repository/doc-ingestion-worker",
            "encryption_configuration": [
              {
                "encryption_type": "AES256",
                "kms_key": ""
              }
            ],
            "force_delete": null,
            "id": "doc-ingestion-worker",
            "image_scanning_configuration": [
              {
                "scan_on_push": true
              }
            ],
            "image_tag_mutability": "MUTABLE",
            "image_tag_mutability_exclusion_filter": [],
            "name": "doc-ingestion-worker",
            "region": "ap-southeast-2",
            "registry_id": "067614922044",
            "repository_url": "067614922044.dkr.ecr.ap-southeast-2.amazonaws.com/doc-ingestion-worker",
            "tags": {
              "Environment": "dev",
              "Project": "doc-ingestion"
            },
            "tags_all": {
              "Environment": "dev",
              "Project": "doc-ingestion"
            },
            "timeouts": null
          },
          "sensitive_attributes": [],
          "identity_schema_version": 0,
          "identity": {
            "account_id": "067614922044",
            "name": "doc-ingestion-worker",
            "region": "ap-southeast-2"
          },
          "private": "eyJlMmJmYjczMC1lY2FhLTExZTYtOGY4OC0zNDM2M2JjN2M0YzAiOnsiZGVsZXRlIjoxMjAwMDAwMDAwMDAwfX0="
        }
      ]
    },
    {
      "module": "module.ecs_cluster",
      "mode": "managed",
      "type": "aws_ecs_cluster",
      "name": "this",
      "provider": "provider[\"registry.terraform.io/hashicorp/aws\"]",
      "instances": [
        {
          "schema_version": 0,
          "attributes": {
            "arn": "arn:aws:ecs:ap-southeast-2:067614922044:cluster/doc-ingestion-dev-cluster",
            "configuration": [],
            "id": "arn:aws:ecs:ap-southeast-2:067614922044:cluster/doc-ingestion-dev-cluster",
            "name": "doc-ingestion-dev-cluster",
            "region": "ap-southeast-2",
            "service_connect_defaults": [],
            "setting": [
              {
                "name": "containerInsights",
                "value": "disabled"
              }
            ],
            "tags": null,
            "tags_all": {}
          },
          "sensitive_attributes": [],
          "identity_schema_version": 0,
          "private": "bnVsbA=="
        }
      ]
    },
    {
      "module": "module.iam",
      "mode": "data",
      "type": "aws_iam_policy_document",
      "name": "api_task_policy",
      "provider": "provider[\"registry.terraform.io/hashicorp/aws\"]",
      "instances": [
        {
          "schema_version": 0,
          "attributes": {
            "id": "3587190551",
            "json": "{\n  \"Version\": \"2012-10-17\",\n  \"Statement\": [\n    {\n      \"Effect\": \"Allow\",\n      \"Action\": [\n        \"s3:PutObject\",\n        \"s3:ListBucketMultipartUploads\",\n        \"s3:ListBucket\",\n        \"s3:AbortMultipartUpload\"\n      ],\n      \"Resource\": [\n        \"arn:aws:s3:::doc-ingestion-dev-docs/*\",\n        \"arn:aws:s3:::doc-ingestion-dev-docs\"\n      ]\n    },\n    {\n      \"Effect\": \"Allow\",\n      \"Action\": [\n        \"kms:GenerateDataKey\",\n        \"kms:Encrypt\"\n      ],\n      \"Resource\": \"arn:aws:kms:ap-southeast-2:067614922044:key/9d30e817-bd7f-47d8-98c9-31777a471428\"\n    }\n  ]\n}",
            "minified_json": "{\"Version\":\"2012-10-17\",\"Statement\":[{\"Effect\":\"Allow\",\"Action\":[\"s3:PutObject\",\"s3:ListBucketMultipartUploads\",\"s3:ListBucket\",\"s3:AbortMultipartUpload\"],\"Resource\":[\"arn:aws:s3:::doc-ingestion-dev-docs/*\",\"arn:aws:s3:::doc-ingestion-dev-docs\"]},{\"Effect\":\"Allow\",\"Action\":[\"kms:GenerateDataKey\",\"kms:Encrypt\"],\"Resource\":\"arn:aws:kms:ap-southeast-2:067614922044:key/9d30e817-bd7f-47d8-98c9-31777a471428\"}]}",
            "override_json": null,
            "override_policy_documents": null,
            "policy_id": null,
            "source_json": null,
            "source_policy_documents": null,
            "statement": [
              {
                "actions": [
                  "s3:AbortMultipartUpload",
                  "s3:ListBucket",
                  "s3:ListBucketMultipartUploads",
                  "s3:PutObject"
                ],
                "condition": [],
                "effect": "Allow",
                "not_actions": [],
                "not_principals": [],
                "not_resources": [],
                "principals": [],
                "resources": [
                  "arn:aws:s3:::doc-ingestion-dev-docs",
                  "arn:aws:s3:::doc-ingestion-dev-docs/*"
                ],
                "sid": ""
              },
              {
                "actions": [
                  "kms:Encrypt",
                  "kms:GenerateDataKey"
                ],
                "condition": [],
                "effect": "Allow",
                "not_actions": [],
                "not_principals": [],
                "not_resources": [],
                "principals": [],
                "resources": [
                  "arn:aws:kms:ap-southeast-2:067614922044:key/9d30e817-bd7f-47d8-98c9-31777a471428"
                ],
                "sid": ""
              }
            ],
            "version": "2012-10-17"
          },
          "sensitive_attributes": [],
          "identity_schema_version": 0
        }
      ]
    },
    {
      "module": "module.iam",
      "mode": "data",
      "type": "aws_iam_policy_document",
      "name": "ecs_task_execution_assume",
      "provider": "provider[\"registry.terraform.io/hashicorp/aws\"]",
      "instances": [
        {
          "schema_version": 0,
          "attributes": {
            "id": "1077804475",
            "json": "{\n  \"Version\": \"2012-10-17\",\n  \"Statement\": [\n    {\n      \"Effect\": \"Allow\",\n      \"Action\": \"sts:AssumeRole\",\n      \"Principal\": {\n        \"Service\": \"ecs-tasks.amazonaws.com\"\n      }\n    }\n  ]\n}",
            "minified_json": "{\"Version\":\"2012-10-17\",\"Statement\":[{\"Effect\":\"Allow\",\"Action\":\"sts:AssumeRole\",\"Principal\":{\"Service\":\"ecs-tasks.amazonaws.com\"}}]}",
            "override_json": null,
            "override_policy_documents": null,
            "policy_id": null,
            "source_json": null,
            "source_policy_documents": null,
            "statement": [
              {
                "actions": [
                  "sts:AssumeRole"
                ],
                "condition": [],
                "effect": "Allow",
                "not_actions": [],
                "not_principals": [],
                "not_resources": [],
                "principals": [
                  {
                    "identifiers": [
                      "ecs-tasks.amazonaws.com"
                    ],
                    "type": "Service"
                  }
                ],
                "resources": [],
                "sid": ""
              }
            ],
            "version": "2012-10-17"
          },
          "sensitive_attributes": [],
          "identity_schema_version": 0
        }
      ]
    },
    {
      "module": "module.iam",
      "mode": "data",
      "type": "aws_iam_policy_document",
      "name": "worker_task_policy",
      "provider": "provider[\"registry.terraform.io/hashicorp/aws\"]",
      "instances": [
        {
          "schema_version": 0,
          "attributes": {
            "id": "3456321564",
            "json": "{\n  \"Version\": \"2012-10-17\",\n  \"Statement\": [\n    {\n      \"Effect\": \"Allow\",\n      \"Action\": [\n        \"s3:PutObject\",\n        \"s3:ListBucket\",\n        \"s3:GetObject\"\n      ],\n      \"Resource\": [\n        \"arn:aws:s3:::doc-ingestion-dev-docs/*\",\n        \"arn:aws:s3:::doc-ingestion-dev-docs\"\n      ]\n    },\n    {\n      \"Effect\": \"Allow\",\n      \"Action\": [\n        \"kms:GenerateDataKey\",\n        \"kms:Encrypt\",\n        \"kms:Decrypt\"\n      ],\n      \"Resource\": \"arn:aws:kms:ap-southeast-2:067614922044:key/9d30e817-bd7f-47d8-98c9-31777a471428\"\n    }\n  ]\n}",
            "minified_json": "{\"Version\":\"2012-10-17\",\"Statement\":[{\"Effect\":\"Allow\",\"Action\":[\"s3:PutObject\",\"s3:ListBucket\",\"s3:GetObject\"],\"Resource\":[\"arn:aws:s3:::doc-ingestion-dev-docs/*\",\"arn:aws:s3:::doc-ingestion-dev-docs\"]},{\"Effect\":\"Allow\",\"Action\":[\"kms:GenerateDataKey\",\"kms:Encrypt\",\"kms:Decrypt\"],\"Resource\":\"arn:aws:kms:ap-southeast-2:067614922044:key/9d30e817-bd7f-47d8-98c9-31777a471428\"}]}",
            "override_json": null,
            "override_policy_documents": null,
            "policy_id": null,
            "source_json": null,
            "source_policy_documents": null,
            "statement": [
              {
                "actions": [
                  "s3:GetObject",
                  "s3:ListBucket",
                  "s3:PutObject"
                ],
                "condition": [],
                "effect": "Allow",
                "not_actions": [],
                "not_principals": [],
                "not_resources": [],
                "principals": [],
                "resources": [
                  "arn:aws:s3:::doc-ingestion-dev-docs",
                  "arn:aws:s3:::doc-ingestion-dev-docs/*"
                ],
                "sid": ""
              },
              {
                "actions": [
                  "kms:Decrypt",
                  "kms:Encrypt",
                  "kms:GenerateDataKey"
                ],
                "condition": [],
                "effect": "Allow",
                "not_actions": [],
                "not_principals": [],
                "not_resources": [],
                "principals": [],
                "resources": [
                  "arn:aws:kms:ap-southeast-2:067614922044:key/9d30e817-bd7f-47d8-98c9-31777a471428"
                ],
                "sid": ""
              }
            ],
            "version": "2012-10-17"
          },
          "sensitive_attributes": [],
          "identity_schema_version": 0
        }
      ]
    },
    {
      "module": "module.iam",
      "mode": "managed",
      "type": "aws_iam_policy",
      "name": "api_task",
      "provider": "provider[\"registry.terraform.io/hashicorp/aws\"]",
      "instances": [
        {
          "schema_version": 0,
          "attributes": {
            "arn": "arn:aws:iam::067614922044:policy/doc-ingestion-dev-api-task-policy",
            "attachment_count": 0,
            "description": "",
            "id": "arn:aws:iam::067614922044:policy/doc-ingestion-dev-api-task-policy",
            "name": "doc-ingestion-dev-api-task-policy",
            "name_prefix": "",
            "path": "/",
            "policy": "{\"Statement\":[{\"Action\":[\"s3:PutObject\",\"s3:ListBucketMultipartUploads\",\"s3:ListBucket\",\"s3:AbortMultipartUpload\"],\"Effect\":\"Allow\",\"Resource\":[\"arn:aws:s3:::doc-ingestion-dev-docs/*\",\"arn:aws:s3:::doc-ingestion-dev-docs\"]},{\"Action\":[\"kms:GenerateDataKey\",\"kms:Encrypt\"],\"Effect\":\"Allow\",\"Resource\":\"arn:aws:kms:ap-southeast-2:067614922044:key/9d30e817-bd7f-47d8-98c9-31777a471428\"}],\"Version\":\"2012-10-17\"}",
            "policy_id": "ANPAQ7PRJ2U6G5BYCIRSJ",
            "tags": null,
            "tags_all": {}
          },
          "sensitive_attributes": [],
          "identity_schema_version": 0,
          "identity": {
            "arn": "arn:aws:iam::067614922044:policy/doc-ingestion-dev-api-task-policy"
          },
          "private": "bnVsbA==",
          "dependencies": [
            "module.iam.data.aws_iam_policy_document.api_task_policy",
            "module.kms.aws_kms_key.this",
            "module.s3_docs.aws_s3_bucket.this"
          ]
        }
      ]
    },
    {
      "module": "module.iam",
      "mode": "managed",
      "type": "aws_iam_policy",
      "name": "worker_task",
      "provider": "provider[\"registry.terraform.io/hashicorp/aws\"]",
      "instances": [
        {
          "schema_version": 0,
          "attributes": {
            "arn": "arn:aws:iam::067614922044:policy/doc-ingestion-dev-worker-task-policy",
            "attachment_count": 0,
            "description": "",
            "id": "arn:aws:iam::067614922044:policy/doc-ingestion-dev-worker-task-policy",
            "name": "doc-ingestion-dev-worker-task-policy",
            "name_prefix": "",
            "path": "/",
            "policy": "{\"Statement\":[{\"Action\":[\"s3:PutObject\",\"s3:ListBucket\",\"s3:GetObject\"],\"Effect\":\"Allow\",\"Resource\":[\"arn:aws:s3:::doc-ingestion-dev-docs/*\",\"arn:aws:s3:::doc-ingestion-dev-docs\"]},{\"Action\":[\"kms:GenerateDataKey\",\"kms:Encrypt\",\"kms:Decrypt\"],\"Effect\":\"Allow\",\"Resource\":\"arn:aws:kms:ap-southeast-2:067614922044:key/9d30e817-bd7f-47d8-98c9-31777a471428\"}],\"Version\":\"2012-10-17\"}",
            "policy_id": "ANPAQ7PRJ2U6IHEQ7NBGK",
            "tags": null,
            "tags_all": {}
          },
          "sensitive_attributes": [],
          "identity_schema_version": 0,
          "identity": {
            "arn": "arn:aws:iam::067614922044:policy/doc-ingestion-dev-worker-task-policy"
          },
          "private": "bnVsbA==",
          "dependencies": [
            "module.iam.data.aws_iam_policy_document.worker_task_policy",
            "module.kms.aws_kms_key.this",
            "module.s3_docs.aws_s3_bucket.this"
          ]
        }
      ]
    },
    {
      "module": "module.iam",
      "mode": "managed",
      "type": "aws_iam_role",
      "name": "api_task",
      "provider": "provider[\"registry.terraform.io/hashicorp/aws\"]",
      "instances": [
        {
          "schema_version": 0,
          "attributes": {
            "arn": "arn:aws:iam::067614922044:role/doc-ingestion-dev-api-task",
            "assume_role_policy": "{\"Statement\":[{\"Action\":\"sts:AssumeRole\",\"Effect\":\"Allow\",\"Principal\":{\"Service\":\"ecs-tasks.amazonaws.com\"}}],\"Version\":\"2012-10-17\"}",
            "create_date": "2025-12-14T03:28:32Z",
            "description": "",
            "force_detach_policies": false,
            "id": "doc-ingestion-dev-api-task",
            "inline_policy": [],
            "managed_policy_arns": [],
            "max_session_duration": 3600,
            "name": "doc-ingestion-dev-api-task",
            "name_prefix": "",
            "path": "/",
            "permissions_boundary": "",
            "tags": null,
            "tags_all": {},
            "unique_id": "AROAQ7PRJ2U6MKSY35H6R"
          },
          "sensitive_attributes": [],
          "identity_schema_version": 0,
          "identity": {
            "account_id": "067614922044",
            "name": "doc-ingestion-dev-api-task"
          },
          "private": "bnVsbA==",
          "dependencies": [
            "module.iam.data.aws_iam_policy_document.ecs_task_execution_assume"
          ]
        }
      ]
    },
    {
      "module": "module.iam",
      "mode": "managed",
      "type": "aws_iam_role",
      "name": "ecs_task_execution",
      "provider": "provider[\"registry.terraform.io/hashicorp/aws\"]",
      "instances": [
        {
          "schema_version": 0,
          "attributes": {
            "arn": "arn:aws:iam::067614922044:role/doc-ingestion-dev-ecs-task-exec",
            "assume_role_policy": "{\"Statement\":[{\"Action\":\"sts:AssumeRole\",\"Effect\":\"Allow\",\"Principal\":{\"Service\":\"ecs-tasks.amazonaws.com\"}}],\"Version\":\"2012-10-17\"}",
            "create_date": "2025-12-14T03:28:32Z",
            "description": "",
            "force_detach_policies": false,
            "id": "doc-ingestion-dev-ecs-task-exec",
            "inline_policy": [],
            "managed_policy_arns": [],
            "max_session_duration": 3600,
            "name": "doc-ingestion-dev-ecs-task-exec",
            "name_prefix": "",
            "path": "/",
            "permissions_boundary": "",
            "tags": null,
            "tags_all": {},
            "unique_id": "AROAQ7PRJ2U6NETLYUZI7"
          },
          "sensitive_attributes": [],
          "identity_schema_version": 0,
          "identity": {
            "account_id": "067614922044",
            "name": "doc-ingestion-dev-ecs-task-exec"
          },
          "private": "bnVsbA==",
          "dependencies": [
            "module.iam.data.aws_iam_policy_document.ecs_task_execution_assume"
          ]
        }
      ]
    },
    {
      "module": "module.iam",
      "mode": "managed",
      "type": "aws_iam_role",
      "name": "worker_task",
      "provider": "provider[\"registry.terraform.io/hashicorp/aws\"]",
      "instances": [
        {
          "schema_version": 0,
          "attributes": {
            "arn": "arn:aws:iam::067614922044:role/doc-ingestion-dev-worker-task",
            "assume_role_policy": "{\"Statement\":[{\"Action\":\"sts:AssumeRole\",\"Effect\":\"Allow\",\"Principal\":{\"Service\":\"ecs-tasks.amazonaws.com\"}}],\"Version\":\"2012-10-17\"}",
            "create_date": "2025-12-14T03:28:32Z",
            "description": "",
            "force_detach_policies": false,
            "id": "doc-ingestion-dev-worker-task",
            "inline_policy": [],
            "managed_policy_arns": [],
            "max_session_duration": 3600,
            "name": "doc-ingestion-dev-worker-task",
            "name_prefix": "",
            "path": "/",
            "permissions_boundary": "",
            "tags": null,
            "tags_all": {},
            "unique_id": "AROAQ7PRJ2U6NMEJNPBJG"
          },
          "sensitive_attributes": [],
          "identity_schema_version": 0,
          "identity": {
            "account_id": "067614922044",
            "name": "doc-ingestion-dev-worker-task"
          },
          "private": "bnVsbA==",
          "dependencies": [
            "module.iam.data.aws_iam_policy_document.ecs_task_execution_assume"
          ]
        }
      ]
    },
    {
      "module": "module.iam",
      "mode": "managed",
      "type": "aws_iam_role_policy_attachment",
      "name": "api_task_attach",
      "provider": "provider[\"registry.terraform.io/hashicorp/aws\"]",
      "instances": [
        {
          "schema_version": 0,
          "attributes": {
            "id": "doc-ingestion-dev-api-task/arn:aws:iam::067614922044:policy/doc-ingestion-dev-api-task-policy",
            "policy_arn": "arn:aws:iam::067614922044:policy/doc-ingestion-dev-api-task-policy",
            "role": "doc-ingestion-dev-api-task"
          },
          "sensitive_attributes": [],
          "identity_schema_version": 0,
          "identity": {
            "account_id": "067614922044",
            "policy_arn": "arn:aws:iam::067614922044:policy/doc-ingestion-dev-api-task-policy",
            "role": "doc-ingestion-dev-api-task"
          },
          "private": "bnVsbA==",
          "dependencies": [
            "module.iam.aws_iam_policy.api_task",
            "module.iam.aws_iam_role.api_task",
            "module.iam.data.aws_iam_policy_document.api_task_policy",
            "module.iam.data.aws_iam_policy_document.ecs_task_execution_assume",
            "module.kms.aws_kms_key.this",
            "module.s3_docs.aws_s3_bucket.this"
          ]
        }
      ]
    },
    {
      "module": "module.iam",
      "mode": "managed",
      "type": "aws_iam_role_policy_attachment",
      "name": "ecs_exec_attach",
      "provider": "provider[\"registry.terraform.io/hashicorp/aws\"]",
      "instances": [
        {
          "schema_version": 0,
          "attributes": {
            "id": "doc-ingestion-dev-ecs-task-exec/arn:aws:iam::aws:policy/service-role/AmazonECSTaskExecutionRolePolicy",
            "policy_arn": "arn:aws:iam::aws:policy/service-role/AmazonECSTaskExecutionRolePolicy",
            "role": "doc-ingestion-dev-ecs-task-exec"
          },
          "sensitive_attributes": [],
          "identity_schema_version": 0,
          "identity": {
            "account_id": "067614922044",
            "policy_arn": "arn:aws:iam::aws:policy/service-role/AmazonECSTaskExecutionRolePolicy",
            "role": "doc-ingestion-dev-ecs-task-exec"
          },
          "private": "bnVsbA==",
          "dependencies": [
            "module.iam.aws_iam_role.ecs_task_execution",
            "module.iam.data.aws_iam_policy_document.ecs_task_execution_assume"
          ]
        }
      ]
    },
    {
      "module": "module.iam",
      "mode": "managed",
      "type": "aws_iam_role_policy_attachment",
      "name": "worker_task_attach",
      "provider": "provider[\"registry.terraform.io/hashicorp/aws\"]",
      "instances": [
        {
          "schema_version": 0,
          "attributes": {
            "id": "doc-ingestion-dev-worker-task/arn:aws:iam::067614922044:policy/doc-ingestion-dev-worker-task-policy",
            "policy_arn": "arn:aws:iam::067614922044:policy/doc-ingestion-dev-worker-task-policy",
            "role": "doc-ingestion-dev-worker-task"
          },
          "sensitive_attributes": [],
          "identity_schema_version": 0,
          "identity": {
            "account_id": "067614922044",
            "policy_arn": "arn:aws:iam::067614922044:policy/doc-ingestion-dev-worker-task-policy",
            "role": "doc-ingestion-dev-worker-task"
          },
          "private": "bnVsbA==",
          "dependencies": [
            "module.iam.aws_iam_policy.worker_task",
            "module.iam.aws_iam_role.worker_task",
            "module.iam.data.aws_iam_policy_document.ecs_task_execution_assume",
            "module.iam.data.aws_iam_policy_document.worker_task_policy",
            "module.kms.aws_kms_key.this",
            "module.s3_docs.aws_s3_bucket.this"
          ]
        }
      ]
    },
    {
      "module": "module.kms",
      "mode": "managed",
      "type": "aws_kms_alias",
      "name": "this",
      "provider": "provider[\"registry.terraform.io/hashicorp/aws\"]",
      "instances": [
        {
          "schema_version": 0,
          "attributes": {
            "arn": "arn:aws:kms:ap-southeast-2:067614922044:alias/doc-ingestion-dev-kms",
            "id": "alias/doc-ingestion-dev-kms",
            "name": "alias/doc-ingestion-dev-kms",
            "name_prefix": "",
            "region": "ap-southeast-2",
            "target_key_arn": "arn:aws:kms:ap-southeast-2:067614922044:key/9d30e817-bd7f-47d8-98c9-31777a471428",
            "target_key_id": "9d30e817-bd7f-47d8-98c9-31777a471428"
          },
          "sensitive_attributes": [],
          "identity_schema_version": 0,
          "identity": {
            "account_id": "067614922044",
            "name": "alias/doc-ingestion-dev-kms",
            "region": "ap-southeast-2"
          },
          "private": "bnVsbA==",
          "dependencies": [
            "module.kms.aws_kms_key.this"
          ]
        }
      ]
    },
    {
      "module": "module.kms",
      "mode": "managed",
      "type": "aws_kms_key",
      "name": "this",
      "provider": "provider[\"registry.terraform.io/hashicorp/aws\"]",
      "instances": [
        {
          "schema_version": 0,
          "attributes": {
            "arn": "arn:aws:kms:ap-southeast-2:067614922044:key/9d30e817-bd7f-47d8-98c9-31777a471428",
            "bypass_policy_lockout_safety_check": false,
            "custom_key_store_id": "",
            "customer_master_key_spec": "SYMMETRIC_DEFAULT",
            "deletion_window_in_days": 10,
            "description": "KMS key for doc-ingestion-dev",
            "enable_key_rotation": true,
            "id": "9d30e817-bd7f-47d8-98c9-31777a471428",
            "is_enabled": true,
            "key_id": "9d30e817-bd7f-47d8-98c9-31777a471428",
            "key_usage": "ENCRYPT_DECRYPT",
            "multi_region": false,
            "policy": "{\"Id\":\"key-default-1\",\"Statement\":[{\"Action\":\"kms:*\",\"Effect\":\"Allow\",\"Principal\":{\"AWS\":\"arn:aws:iam::067614922044:root\"},\"Resource\":\"*\",\"Sid\":\"Enable IAM User Permissions\"}],\"Version\":\"2012-10-17\"}",
            "region": "ap-southeast-2",
            "rotation_period_in_days": 365,
            "tags": {
              "Environment": "dev",
              "Name": "doc-ingestion-dev-kms"
            },
            "tags_all": {
              "Environment": "dev",
              "Name": "doc-ingestion-dev-kms"
            },
            "timeouts": null,
            "xks_key_id": ""
          },
          "sensitive_attributes": [],
          "identity_schema_version": 0,
          "identity": {
            "account_id": "067614922044",
            "id": "9d30e817-bd7f-47d8-98c9-31777a471428",
            "region": "ap-southeast-2"
          },
          "private": "eyJlMmJmYjczMC1lY2FhLTExZTYtOGY4OC0zNDM2M2JjN2M0YzAiOnsiY3JlYXRlIjoxMjAwMDAwMDAwMDB9fQ=="
        }
      ]
    },
    {
      "module": "module.s3_docs",
      "mode": "managed",
      "type": "aws_s3_bucket",
      "name": "this",
      "provider": "provider[\"registry.terraform.io/hashicorp/aws\"]",
      "instances": [
        {
          "schema_version": 0,
          "attributes": {
            "acceleration_status": "",
            "acl": null,
            "arn": "arn:aws:s3:::doc-ingestion-dev-docs",
            "bucket": "doc-ingestion-dev-docs",
            "bucket_domain_name": "doc-ingestion-dev-docs.s3.amazonaws.com",
            "bucket_prefix": "",
            "bucket_region": "ap-southeast-2",
            "bucket_regional_domain_name": "doc-ingestion-dev-docs.s3.ap-southeast-2.amazonaws.com",
            "cors_rule": [],
            "force_destroy": false,
            "grant": [
              {
                "id": "37c10fb16d6370bd0867f03e70c3f86eb84766a5c18fd8cd896e4a9dff38bea9",
                "permissions": [
                  "FULL_CONTROL"
                ],
                "type": "CanonicalUser",
                "uri": ""
              }
            ],
            "hosted_zone_id": "Z1WCIGYICN2BYD",
            "id": "doc-ingestion-dev-docs",
            "lifecycle_rule": [],
            "logging": [],
            "object_lock_configuration": [],
            "object_lock_enabled": false,
            "policy": "",
            "region": "ap-southeast-2",
            "replication_configuration": [],
            "request_payer": "BucketOwner",
            "server_side_encryption_configuration": [
              {
                "rule": [
                  {
                    "apply_server_side_encryption_by_default": [
                      {
                        "kms_master_key_id": "",
                        "sse_algorithm": "AES256"
                      }
                    ],
                    "bucket_key_enabled": false
                  }
                ]
              }
            ],
            "tags": {
              "Environment": "dev",
              "Name": "doc-ingestion-dev-docs"
            },
            "tags_all": {
              "Environment": "dev",
              "Name": "doc-ingestion-dev-docs"
            },
            "timeouts": null,
            "versioning": [
              {
                "enabled": false,
                "mfa_delete": false
              }
            ],
            "website": [],
            "website_domain": null,
            "website_endpoint": null
          },
          "sensitive_attributes": [],
          "identity_schema_version": 0,
          "identity": {
            "account_id": "067614922044",
            "bucket": "doc-ingestion-dev-docs",
            "region": "ap-southeast-2"
          },
          "private": "eyJlMmJmYjczMC1lY2FhLTExZTYtOGY4OC0zNDM2M2JjN2M0YzAiOnsiY3JlYXRlIjoxMjAwMDAwMDAwMDAwLCJkZWxldGUiOjM2MDAwMDAwMDAwMDAsInJlYWQiOjEyMDAwMDAwMDAwMDAsInVwZGF0ZSI6MTIwMDAwMDAwMDAwMH19"
        }
      ]
    },
    {
      "module": "module.s3_docs",
      "mode": "managed",
      "type": "aws_s3_bucket_policy",
      "name": "enforce_kms",
      "provider": "provider[\"registry.terraform.io/hashicorp/aws\"]",
      "instances": [
        {
          "schema_version": 0,
          "attributes": {
            "bucket": "doc-ingestion-dev-docs",
            "id": "doc-ingestion-dev-docs",
            "policy": "{\"Statement\":[{\"Action\":\"s3:PutObject\",\"Condition\":{\"StringNotEquals\":{\"s3:x-amz-server-side-encryption\":\"aws:kms\"}},\"Effect\":\"Deny\",\"Principal\":\"*\",\"Resource\":\"arn:aws:s3:::doc-ingestion-dev-docs/*\",\"Sid\":\"DenyUnEncryptedObjectUploads\"}],\"Version\":\"2012-10-17\"}",
            "region": "ap-southeast-2"
          },
          "sensitive_attributes": [],
          "identity_schema_version": 0,
          "identity": {
            "account_id": "067614922044",
            "bucket": "doc-ingestion-dev-docs",
            "region": "ap-southeast-2"
          },
          "private": "bnVsbA==",
          "dependencies": [
            "module.s3_docs.aws_s3_bucket.this"
          ]
        }
      ]
    },
    {
      "module": "module.s3_docs",
      "mode": "managed",
      "type": "aws_s3_bucket_public_access_block",
      "name": "this",
      "provider": "provider[\"registry.terraform.io/hashicorp/aws\"]",
      "instances": [
        {
          "schema_version": 0,
          "attributes": {
            "block_public_acls": true,
            "block_public_policy": true,
            "bucket": "doc-ingestion-dev-docs",
            "id": "doc-ingestion-dev-docs",
            "ignore_public_acls": true,
            "region": "ap-southeast-2",
            "restrict_public_buckets": true,
            "skip_destroy": null
          },
          "sensitive_attributes": [],
          "identity_schema_version": 0,
          "identity": {
            "account_id": "067614922044",
            "bucket": "doc-ingestion-dev-docs",
            "region": "ap-southeast-2"
          },
          "private": "bnVsbA==",
          "dependencies": [
            "module.s3_docs.aws_s3_bucket.this"
          ]
        }
      ]
    },
    {
      "module": "module.s3_docs",
      "mode": "managed",
      "type": "aws_s3_bucket_server_side_encryption_configuration",
      "name": "this",
      "provider": "provider[\"registry.terraform.io/hashicorp/aws\"]",
      "instances": [
        {
          "schema_version": 0,
          "attributes": {
            "bucket": "doc-ingestion-dev-docs",
            "expected_bucket_owner": "",
            "id": "doc-ingestion-dev-docs",
            "region": "ap-southeast-2",
            "rule": [
              {
                "apply_server_side_encryption_by_default": [
                  {
                    "kms_master_key_id": "arn:aws:kms:ap-southeast-2:067614922044:key/9d30e817-bd7f-47d8-98c9-31777a471428",
                    "sse_algorithm": "aws:kms"
                  }
                ],
                "blocked_encryption_types": [],
                "bucket_key_enabled": null
              }
            ]
          },
          "sensitive_attributes": [],
          "identity_schema_version": 0,
          "identity": {
            "account_id": "067614922044",
            "bucket": "doc-ingestion-dev-docs",
            "expected_bucket_owner": null,
            "region": "ap-southeast-2"
          },
          "private": "bnVsbA==",
          "dependencies": [
            "module.kms.aws_kms_key.this",
            "module.s3_docs.aws_s3_bucket.this"
          ]
        }
      ]
    },
    {
      "module": "module.s3_docs",
      "mode": "managed",
      "type": "aws_s3_bucket_versioning",
      "name": "this",
      "provider": "provider[\"registry.terraform.io/hashicorp/aws\"]",
      "instances": [
        {
          "schema_version": 0,
          "attributes": {
            "bucket": "doc-ingestion-dev-docs",
            "expected_bucket_owner": "",
            "id": "doc-ingestion-dev-docs",
            "mfa": null,
            "region": "ap-southeast-2",
            "versioning_configuration": [
              {
                "mfa_delete": "",
                "status": "Enabled"
              }
            ]
          },
          "sensitive_attributes": [],
          "identity_schema_version": 0,
          "identity": {
            "account_id": "067614922044",
            "bucket": "doc-ingestion-dev-docs",
            "expected_bucket_owner": null,
            "region": "ap-southeast-2"
          },
          "private": "bnVsbA==",
          "dependencies": [
            "module.s3_docs.aws_s3_bucket.this"
          ]
        }
      ]
    },
    {
      "module": "module.security_groups",
      "mode": "managed",
      "type": "aws_security_group",
      "name": "alb",
      "provider": "provider[\"registry.terraform.io/hashicorp/aws\"]",
      "instances": [
        {
          "schema_version": 1,
          "attributes": {
            "arn": "arn:aws:ec2:ap-southeast-2:067614922044:security-group/sg-01f708ed233e7634f",
            "description": "ALB security group",
            "egress": [
              {
                "cidr_blocks": [
                  "0.0.0.0/0"
                ],
                "description": "All outbound",
                "from_port": 0,
                "ipv6_cidr_blocks": [],
                "prefix_list_ids": [],
                "protocol": "-1",
                "security_groups": [],
                "self": false,
                "to_port": 0
              }
            ],
            "id": "sg-01f708ed233e7634f",
            "ingress": [
              {
                "cidr_blocks": [
                  "0.0.0.0/0"
                ],
                "description": "HTTPS from internet",
                "from_port": 443,
                "ipv6_cidr_blocks": [],
                "prefix_list_ids": [],
                "protocol": "tcp",
                "security_groups": [],
                "self": false,
                "to_port": 443
              }
            ],
            "name": "doc-ingestion-dev-alb-sg",
            "name_prefix": "",
            "owner_id": "067614922044",
            "region": "ap-southeast-2",
            "revoke_rules_on_delete": false,
            "tags": null,
            "tags_all": {},
            "timeouts": null,
            "vpc_id": "vpc-02ee0947e4a6a2743"
          },
          "sensitive_attributes": [],
          "identity_schema_version": 0,
          "identity": {
            "account_id": "067614922044",
            "id": "sg-01f708ed233e7634f",
            "region": "ap-southeast-2"
          },
          "private": "eyJlMmJmYjczMC1lY2FhLTExZTYtOGY4OC0zNDM2M2JjN2M0YzAiOnsiY3JlYXRlIjo2MDAwMDAwMDAwMDAsImRlbGV0ZSI6OTAwMDAwMDAwMDAwfSwic2NoZW1hX3ZlcnNpb24iOiIxIn0=",
          "dependencies": [
            "module.vpc.aws_vpc.this"
          ]
        }
      ]
    },
    {
      "module": "module.security_groups",
      "mode": "managed",
      "type": "aws_security_group",
      "name": "ecs_tasks",
      "provider": "provider[\"registry.terraform.io/hashicorp/aws\"]",
      "instances": [
        {
          "schema_version": 1,
          "attributes": {
            "arn": "arn:aws:ec2:ap-southeast-2:067614922044:security-group/sg-0c762d981c62424a3",
            "description": "ECS tasks security group",
            "egress": [
              {
                "cidr_blocks": [
                  "0.0.0.0/0"
                ],
                "description": "HTTPS outbound",
                "from_port": 443,
                "ipv6_cidr_blocks": [],
                "prefix_list_ids": [],
                "protocol": "tcp",
                "security_groups": [],
                "self": false,
                "to_port": 443
              }
            ],
            "id": "sg-0c762d981c62424a3",
            "ingress": [],
            "name": "doc-ingestion-dev-ecs-sg",
            "name_prefix": "",
            "owner_id": "067614922044",
            "region": "ap-southeast-2",
            "revoke_rules_on_delete": false,
            "tags": null,
            "tags_all": {},
            "timeouts": null,
            "vpc_id": "vpc-02ee0947e4a6a2743"
          },
          "sensitive_attributes": [],
          "identity_schema_version": 0,
          "identity": {
            "account_id": "067614922044",
            "id": "sg-0c762d981c62424a3",
            "region": "ap-southeast-2"
          },
          "private": "eyJlMmJmYjczMC1lY2FhLTExZTYtOGY4OC0zNDM2M2JjN2M0YzAiOnsiY3JlYXRlIjo2MDAwMDAwMDAwMDAsImRlbGV0ZSI6OTAwMDAwMDAwMDAwfSwic2NoZW1hX3ZlcnNpb24iOiIxIn0=",
          "dependencies": [
            "module.vpc.aws_vpc.this"
          ]
        }
      ]
    },
    {
      "module": "module.vpc",
      "mode": "managed",
      "type": "aws_eip",
      "name": "nat",
      "provider": "provider[\"registry.terraform.io/hashicorp/aws\"]",
      "instances": [
        {
          "schema_version": 0,
          "attributes": {
            "address": null,
            "allocation_id": "eipalloc-0bddc81ab818b7dd5",
            "arn": "arn:aws:ec2:ap-southeast-2:067614922044:elastic-ip/eipalloc-0bddc81ab818b7dd5",
            "associate_with_private_ip": null,
            "association_id": "",
            "carrier_ip": "",
            "customer_owned_ip": "",
            "customer_owned_ipv4_pool": "",
            "domain": "vpc",
            "id": "eipalloc-0bddc81ab818b7dd5",
            "instance": "",
            "ipam_pool_id": null,
            "network_border_group": "ap-southeast-2",
            "network_interface": "",
            "private_dns": null,
            "private_ip": "",
            "ptr_record": "",
            "public_dns": "ec2-52-65-224-123.ap-southeast-2.compute.amazonaws.com",
            "public_ip": "52.65.224.123",
            "public_ipv4_pool": "amazon",
            "region": "ap-southeast-2",
            "tags": {
              "Name": "doc-ingestion-dev-nat-eip"
            },
            "tags_all": {
              "Name": "doc-ingestion-dev-nat-eip"
            },
            "timeouts": null
          },
          "sensitive_attributes": [],
          "identity_schema_version": 0,
          "private": "eyJlMmJmYjczMC1lY2FhLTExZTYtOGY4OC0zNDM2M2JjN2M0YzAiOnsiZGVsZXRlIjoxODAwMDAwMDAwMDAsInJlYWQiOjkwMDAwMDAwMDAwMCwidXBkYXRlIjozMDAwMDAwMDAwMDB9fQ=="
        }
      ]
    },
    {
      "module": "module.vpc",
      "mode": "managed",
      "type": "aws_internet_gateway",
      "name": "this",
      "provider": "provider[\"registry.terraform.io/hashicorp/aws\"]",
      "instances": [
        {
          "schema_version": 0,
          "attributes": {
            "arn": "arn:aws:ec2:ap-southeast-2:067614922044:internet-gateway/igw-0a2534771062648a5",
            "id": "igw-0a2534771062648a5",
            "owner_id": "067614922044",
            "region": "ap-southeast-2",
            "tags": {
              "Name": "doc-ingestion-dev-igw"
            },
            "tags_all": {
              "Name": "doc-ingestion-dev-igw"
            },
            "timeouts": null,
            "vpc_id": "vpc-02ee0947e4a6a2743"
          },
          "sensitive_attributes": [],
          "identity_schema_version": 0,
          "private": "eyJlMmJmYjczMC1lY2FhLTExZTYtOGY4OC0zNDM2M2JjN2M0YzAiOnsiY3JlYXRlIjoxMjAwMDAwMDAwMDAwLCJkZWxldGUiOjEyMDAwMDAwMDAwMDAsInVwZGF0ZSI6MTIwMDAwMDAwMDAwMH19",
          "dependencies": [
            "module.vpc.aws_vpc.this"
          ]
        }
      ]
    },
    {
      "module": "module.vpc",
      "mode": "managed",
      "type": "aws_nat_gateway",
      "name": "this",
      "provider": "provider[\"registry.terraform.io/hashicorp/aws\"]",
      "instances": [
        {
          "schema_version": 0,
          "attributes": {
            "allocation_id": "eipalloc-0bddc81ab818b7dd5",
            "association_id": "eipassoc-024423ea1df32fe9b",
            "auto_provision_zones": null,
            "auto_scaling_ips": null,
            "availability_mode": "zonal",
            "availability_zone_address": [],
            "connectivity_type": "public",
            "id": "nat-05fd783c15eab5f29",
            "network_interface_id": "eni-019e2de62917d766d",
            "private_ip": "10.0.1.164",
            "public_ip": "52.65.224.123",
            "region": "ap-southeast-2",
            "regional_nat_gateway_address": [],
            "regional_nat_gateway_auto_mode": null,
            "route_table_id": null,
            "secondary_allocation_ids": [],
            "secondary_private_ip_address_count": 0,
            "secondary_private_ip_addresses": [],
            "subnet_id": "subnet-09596409f82b10002",
            "tags": {
              "Name": "doc-ingestion-dev-nat"
            },
            "tags_all": {
              "Name": "doc-ingestion-dev-nat"
            },
            "timeouts": null,
            "vpc_id": "vpc-02ee0947e4a6a2743"
          },
          "sensitive_attributes": [],
          "identity_schema_version": 0,
          "private": "eyJlMmJmYjczMC1lY2FhLTExZTYtOGY4OC0zNDM2M2JjN2M0YzAiOnsiY3JlYXRlIjo2MDAwMDAwMDAwMDAsImRlbGV0ZSI6MTgwMDAwMDAwMDAwMCwidXBkYXRlIjo2MDAwMDAwMDAwMDB9fQ==",
          "dependencies": [
            "module.vpc.aws_eip.nat",
            "module.vpc.aws_internet_gateway.this",
            "module.vpc.aws_subnet.public",
            "module.vpc.aws_vpc.this"
          ]
        }
      ]
    },
    {
      "module": "module.vpc",
      "mode": "managed",
      "type": "aws_route",
      "name": "private_to_nat",
      "provider": "provider[\"registry.terraform.io/hashicorp/aws\"]",
      "instances": [
        {
          "schema_version": 0,
          "attributes": {
            "carrier_gateway_id": "",
            "core_network_arn": "",
            "destination_cidr_block": "0.0.0.0/0",
            "destination_ipv6_cidr_block": "",
            "destination_prefix_list_id": "",
            "egress_only_gateway_id": "",
            "gateway_id": "",
            "id": "r-rtb-0c89ad7f357ba158f1080289494",
            "instance_id": "",
            "instance_owner_id": "",
            "local_gateway_id": "",
            "nat_gateway_id": "nat-05fd783c15eab5f29",
            "network_interface_id": "",
            "origin": "CreateRoute",
            "region": "ap-southeast-2",
            "route_table_id": "rtb-0c89ad7f357ba158f",
            "state": "active",
            "timeouts": null,
            "transit_gateway_id": "",
            "vpc_endpoint_id": "",
            "vpc_peering_connection_id": ""
          },
          "sensitive_attributes": [],
          "identity_schema_version": 0,
          "identity": {
            "account_id": "067614922044",
            "destination_cidr_block": "0.0.0.0/0",
            "destination_ipv6_cidr_block": null,
            "destination_prefix_list_id": null,
            "region": "ap-southeast-2",
            "route_table_id": "rtb-0c89ad7f357ba158f"
          },
          "private": "eyJlMmJmYjczMC1lY2FhLTExZTYtOGY4OC0zNDM2M2JjN2M0YzAiOnsiY3JlYXRlIjozMDAwMDAwMDAwMDAsImRlbGV0ZSI6MzAwMDAwMDAwMDAwLCJ1cGRhdGUiOjEyMDAwMDAwMDAwMH19",
          "dependencies": [
            "module.vpc.aws_eip.nat",
            "module.vpc.aws_internet_gateway.this",
            "module.vpc.aws_nat_gateway.this",
            "module.vpc.aws_route_table.private",
            "module.vpc.aws_subnet.public",
            "module.vpc.aws_vpc.this"
          ]
        }
      ]
    },
    {
      "module": "module.vpc",
      "mode": "managed",
      "type": "aws_route",
      "name": "public_internet",
      "provider": "provider[\"registry.terraform.io/hashicorp/aws\"]",
      "instances": [
        {
          "schema_version": 0,
          "attributes": {
            "carrier_gateway_id": "",
            "core_network_arn": "",
            "destination_cidr_block": "0.0.0.0/0",
            "destination_ipv6_cidr_block": "",
            "destination_prefix_list_id": "",
            "egress_only_gateway_id": "",
            "gateway_id": "igw-0a2534771062648a5",
            "id": "r-rtb-00caf715a09804a1a1080289494",
            "instance_id": "",
            "instance_owner_id": "",
            "local_gateway_id": "",
            "nat_gateway_id": "",
            "network_interface_id": "",
            "origin": "CreateRoute",
            "region": "ap-southeast-2",
            "route_table_id": "rtb-00caf715a09804a1a",
            "state": "active",
            "timeouts": null,
            "transit_gateway_id": "",
            "vpc_endpoint_id": "",
            "vpc_peering_connection_id": ""
          },
          "sensitive_attributes": [],
          "identity_schema_version": 0,
          "identity": {
            "account_id": "067614922044",
            "destination_cidr_block": "0.0.0.0/0",
            "destination_ipv6_cidr_block": null,
            "destination_prefix_list_id": null,
            "region": "ap-southeast-2",
            "route_table_id": "rtb-00caf715a09804a1a"
          },
          "private": "eyJlMmJmYjczMC1lY2FhLTExZTYtOGY4OC0zNDM2M2JjN2M0YzAiOnsiY3JlYXRlIjozMDAwMDAwMDAwMDAsImRlbGV0ZSI6MzAwMDAwMDAwMDAwLCJ1cGRhdGUiOjEyMDAwMDAwMDAwMH19",
          "dependencies": [
            "module.vpc.aws_internet_gateway.this",
            "module.vpc.aws_route_table.public",
            "module.vpc.aws_vpc.this"
          ]
        }
      ]
    },
    {
      "module": "module.vpc",
      "mode": "managed",
      "type": "aws_route_table",
      "name": "private",
      "provider": "provider[\"registry.terraform.io/hashicorp/aws\"]",
      "instances": [
        {
          "schema_version": 0,
          "attributes": {
            "arn": "arn:aws:ec2:ap-southeast-2:067614922044:route-table/rtb-0c89ad7f357ba158f",
            "id": "rtb-0c89ad7f357ba158f",
            "owner_id": "067614922044",
            "propagating_vgws": [],
            "region": "ap-southeast-2",
            "route": [],
            "tags": {
              "Name": "doc-ingestion-dev-rt-private"
            },
            "tags_all": {
              "Name": "doc-ingestion-dev-rt-private"
            },
            "timeouts": null,
            "vpc_id": "vpc-02ee0947e4a6a2743"
          },
          "sensitive_attributes": [],
          "identity_schema_version": 0,
          "identity": {
            "account_id": "067614922044",
            "id": "rtb-0c89ad7f357ba158f",
            "region": "ap-southeast-2"
          },
          "private": "eyJlMmJmYjczMC1lY2FhLTExZTYtOGY4OC0zNDM2M2JjN2M0YzAiOnsiY3JlYXRlIjozMDAwMDAwMDAwMDAsImRlbGV0ZSI6MzAwMDAwMDAwMDAwLCJ1cGRhdGUiOjEyMDAwMDAwMDAwMH19",
          "dependencies": [
            "module.vpc.aws_vpc.this"
          ]
        }
      ]
    },
    {
      "module": "module.vpc",
      "mode": "managed",
      "type": "aws_route_table",
      "name": "public",
      "provider": "provider[\"registry.terraform.io/hashicorp/aws\"]",
      "instances": [
        {
          "schema_version": 0,
          "attributes": {
            "arn": "arn:aws:ec2:ap-southeast-2:067614922044:route-table/rtb-00caf715a09804a1a",
            "id": "rtb-00caf715a09804a1a",
            "owner_id": "067614922044",
            "propagating_vgws": [],
            "region": "ap-southeast-2",
            "route": [],
            "tags": {
              "Name": "doc-ingestion-dev-rt-public"
            },
            "tags_all": {
              "Name": "doc-ingestion-dev-rt-public"
            },
            "timeouts": null,
            "vpc_id": "vpc-02ee0947e4a6a2743"
          },
          "sensitive_attributes": [],
          "identity_schema_version": 0,
          "identity": {
            "account_id": "067614922044",
            "id": "rtb-00caf715a09804a1a",
            "region": "ap-southeast-2"
          },
          "private": "eyJlMmJmYjczMC1lY2FhLTExZTYtOGY4OC0zNDM2M2JjN2M0YzAiOnsiY3JlYXRlIjozMDAwMDAwMDAwMDAsImRlbGV0ZSI6MzAwMDAwMDAwMDAwLCJ1cGRhdGUiOjEyMDAwMDAwMDAwMH19",
          "dependencies": [
            "module.vpc.aws_vpc.this"
          ]
        }
      ]
    },
    {
      "module": "module.vpc",
      "mode": "managed",
      "type": "aws_route_table_association",
      "name": "private_assoc",
      "provider": "provider[\"registry.terraform.io/hashicorp/aws\"]",
      "instances": [
        {
          "index_key": 0,
          "schema_version": 0,
          "attributes": {
            "gateway_id": "",
            "id": "rtbassoc-05e046948b27cb7bd",
            "region": "ap-southeast-2",
            "route_table_id": "rtb-0c89ad7f357ba158f",
            "subnet_id": "subnet-00868049ee31c965f",
            "timeouts": null
          },
          "sensitive_attributes": [],
          "identity_schema_version": 0,
          "private": "eyJlMmJmYjczMC1lY2FhLTExZTYtOGY4OC0zNDM2M2JjN2M0YzAiOnsiY3JlYXRlIjozMDAwMDAwMDAwMDAsImRlbGV0ZSI6MzAwMDAwMDAwMDAwLCJ1cGRhdGUiOjEyMDAwMDAwMDAwMH19",
          "dependencies": [
            "module.vpc.aws_route_table.private",
            "module.vpc.aws_subnet.private",
            "module.vpc.aws_vpc.this"
          ]
        },
        {
          "index_key": 1,
          "schema_version": 0,
          "attributes": {
            "gateway_id": "",
            "id": "rtbassoc-06f867bd298894329",
            "region": "ap-southeast-2",
            "route_table_id": "rtb-0c89ad7f357ba158f",
            "subnet_id": "subnet-0c514ee6803d92a64",
            "timeouts": null
          },
          "sensitive_attributes": [],
          "identity_schema_version": 0,
          "private": "eyJlMmJmYjczMC1lY2FhLTExZTYtOGY4OC0zNDM2M2JjN2M0YzAiOnsiY3JlYXRlIjozMDAwMDAwMDAwMDAsImRlbGV0ZSI6MzAwMDAwMDAwMDAwLCJ1cGRhdGUiOjEyMDAwMDAwMDAwMH19",
          "dependencies": [
            "module.vpc.aws_route_table.private",
            "module.vpc.aws_subnet.private",
            "module.vpc.aws_vpc.this"
          ]
        }
      ]
    },
    {
      "module": "module.vpc",
      "mode": "managed",
      "type": "aws_route_table_association",
      "name": "public_assoc",
      "provider": "provider[\"registry.terraform.io/hashicorp/aws\"]",
      "instances": [
        {
          "index_key": 0,
          "schema_version": 0,
          "attributes": {
            "gateway_id": "",
            "id": "rtbassoc-0fba37beaf6d7950e",
            "region": "ap-southeast-2",
            "route_table_id": "rtb-00caf715a09804a1a",
            "subnet_id": "subnet-09596409f82b10002",
            "timeouts": null
          },
          "sensitive_attributes": [],
          "identity_schema_version": 0,
          "private": "eyJlMmJmYjczMC1lY2FhLTExZTYtOGY4OC0zNDM2M2JjN2M0YzAiOnsiY3JlYXRlIjozMDAwMDAwMDAwMDAsImRlbGV0ZSI6MzAwMDAwMDAwMDAwLCJ1cGRhdGUiOjEyMDAwMDAwMDAwMH19",
          "dependencies": [
            "module.vpc.aws_route_table.public",
            "module.vpc.aws_subnet.public",
            "module.vpc.aws_vpc.this"
          ]
        },
        {
          "index_key": 1,
          "schema_version": 0,
          "attributes": {
            "gateway_id": "",
            "id": "rtbassoc-061edeaccafc5c447",
            "region": "ap-southeast-2",
            "route_table_id": "rtb-00caf715a09804a1a",
            "subnet_id": "subnet-07c1bd00cced934c1",
            "timeouts": null
          },
          "sensitive_attributes": [],
          "identity_schema_version": 0,
          "private": "eyJlMmJmYjczMC1lY2FhLTExZTYtOGY4OC0zNDM2M2JjN2M0YzAiOnsiY3JlYXRlIjozMDAwMDAwMDAwMDAsImRlbGV0ZSI6MzAwMDAwMDAwMDAwLCJ1cGRhdGUiOjEyMDAwMDAwMDAwMH19",
          "dependencies": [
            "module.vpc.aws_route_table.public",
            "module.vpc.aws_subnet.public",
            "module.vpc.aws_vpc.this"
          ]
        }
      ]
    },
    {
      "module": "module.vpc",
      "mode": "managed",
      "type": "aws_subnet",
      "name": "private",
      "provider": "provider[\"registry.terraform.io/hashicorp/aws\"]",
      "instances": [
        {
          "index_key": 0,
          "schema_version": 1,
          "attributes": {
            "arn": "arn:aws:ec2:ap-southeast-2:067614922044:subnet/subnet-00868049ee31c965f",
            "assign_ipv6_address_on_creation": false,
            "availability_zone": "ap-southeast-2a",
            "availability_zone_id": "apse2-az1",
            "cidr_block": "10.0.11.0/24",
            "customer_owned_ipv4_pool": "",
            "enable_dns64": false,
            "enable_lni_at_device_index": 0,
            "enable_resource_name_dns_a_record_on_launch": false,
            "enable_resource_name_dns_aaaa_record_on_launch": false,
            "id": "subnet-00868049ee31c965f",
            "ipv6_cidr_block": "",
            "ipv6_cidr_block_association_id": "",
            "ipv6_native": false,
            "map_customer_owned_ip_on_launch": false,
            "map_public_ip_on_launch": false,
            "outpost_arn": "",
            "owner_id": "067614922044",
            "private_dns_hostname_type_on_launch": "ip-name",
            "region": "ap-southeast-2",
            "tags": {
              "Name": "doc-ingestion-dev-private-0",
              "Tier": "private"
            },
            "tags_all": {
              "Name": "doc-ingestion-dev-private-0",
              "Tier": "private"
            },
            "timeouts": null,
            "vpc_id": "vpc-02ee0947e4a6a2743"
          },
          "sensitive_attributes": [],
          "identity_schema_version": 0,
          "identity": {
            "account_id": "067614922044",
            "id": "subnet-00868049ee31c965f",
            "region": "ap-southeast-2"
          },
          "private": "eyJlMmJmYjczMC1lY2FhLTExZTYtOGY4OC0zNDM2M2JjN2M0YzAiOnsiY3JlYXRlIjo2MDAwMDAwMDAwMDAsImRlbGV0ZSI6MTIwMDAwMDAwMDAwMH0sInNjaGVtYV92ZXJzaW9uIjoiMSJ9",
          "dependencies": [
            "module.vpc.aws_vpc.this"
          ]
        },
        {
          "index_key": 1,
          "schema_version": 1,
          "attributes": {
            "arn": "arn:aws:ec2:ap-southeast-2:067614922044:subnet/subnet-0c514ee6803d92a64",
            "assign_ipv6_address_on_creation": false,
            "availability_zone": "ap-southeast-2b",
            "availability_zone_id": "apse2-az3",
            "cidr_block": "10.0.12.0/24",
            "customer_owned_ipv4_pool": "",
            "enable_dns64": false,
            "enable_lni_at_device_index": 0,
            "enable_resource_name_dns_a_record_on_launch": false,
            "enable_resource_name_dns_aaaa_record_on_launch": false,
            "id": "subnet-0c514ee6803d92a64",
            "ipv6_cidr_block": "",
            "ipv6_cidr_block_association_id": "",
            "ipv6_native": false,
            "map_customer_owned_ip_on_launch": false,
            "map_public_ip_on_launch": false,
            "outpost_arn": "",
            "owner_id": "067614922044",
            "private_dns_hostname_type_on_launch": "ip-name",
            "region": "ap-southeast-2",
            "tags": {
              "Name": "doc-ingestion-dev-private-1",
              "Tier": "private"
            },
            "tags_all": {
              "Name": "doc-ingestion-dev-private-1",
              "Tier": "private"
            },
            "timeouts": null,
            "vpc_id": "vpc-02ee0947e4a6a2743"
          },
          "sensitive_attributes": [],
          "identity_schema_version": 0,
          "identity": {
            "account_id": "067614922044",
            "id": "subnet-0c514ee6803d92a64",
            "region": "ap-southeast-2"
          },
          "private": "eyJlMmJmYjczMC1lY2FhLTExZTYtOGY4OC0zNDM2M2JjN2M0YzAiOnsiY3JlYXRlIjo2MDAwMDAwMDAwMDAsImRlbGV0ZSI6MTIwMDAwMDAwMDAwMH0sInNjaGVtYV92ZXJzaW9uIjoiMSJ9",
          "dependencies": [
            "module.vpc.aws_vpc.this"
          ]
        }
      ]
    },
    {
      "module": "module.vpc",
      "mode": "managed",
      "type": "aws_subnet",
      "name": "public",
      "provider": "provider[\"registry.terraform.io/hashicorp/aws\"]",
      "instances": [
        {
          "index_key": 0,
          "schema_version": 1,
          "attributes": {
            "arn": "arn:aws:ec2:ap-southeast-2:067614922044:subnet/subnet-09596409f82b10002",
            "assign_ipv6_address_on_creation": false,
            "availability_zone": "ap-southeast-2a",
            "availability_zone_id": "apse2-az1",
            "cidr_block": "10.0.1.0/24",
            "customer_owned_ipv4_pool": "",
            "enable_dns64": false,
            "enable_lni_at_device_index": 0,
            "enable_resource_name_dns_a_record_on_launch": false,
            "enable_resource_name_dns_aaaa_record_on_launch": false,
            "id": "subnet-09596409f82b10002",
            "ipv6_cidr_block": "",
            "ipv6_cidr_block_association_id": "",
            "ipv6_native": false,
            "map_customer_owned_ip_on_launch": false,
            "map_public_ip_on_launch": true,
            "outpost_arn": "",
            "owner_id": "067614922044",
            "private_dns_hostname_type_on_launch": "ip-name",
            "region": "ap-southeast-2",
            "tags": {
              "Name": "doc-ingestion-dev-public-0",
              "Tier": "public"
            },
            "tags_all": {
              "Name": "doc-ingestion-dev-public-0",
              "Tier": "public"
            },
            "timeouts": null,
            "vpc_id": "vpc-02ee0947e4a6a2743"
          },
          "sensitive_attributes": [],
          "identity_schema_version": 0,
          "identity": {
            "account_id": "067614922044",
            "id": "subnet-09596409f82b10002",
            "region": "ap-southeast-2"
          },
          "private": "eyJlMmJmYjczMC1lY2FhLTExZTYtOGY4OC0zNDM2M2JjN2M0YzAiOnsiY3JlYXRlIjo2MDAwMDAwMDAwMDAsImRlbGV0ZSI6MTIwMDAwMDAwMDAwMH0sInNjaGVtYV92ZXJzaW9uIjoiMSJ9",
          "dependencies": [
            "module.vpc.aws_vpc.this"
          ]
        },
        {
          "index_key": 1,
          "schema_version": 1,
          "attributes": {
            "arn": "arn:aws:ec2:ap-southeast-2:067614922044:subnet/subnet-07c1bd00cced934c1",
            "assign_ipv6_address_on_creation": false,
            "availability_zone": "ap-southeast-2b",
            "availability_zone_id": "apse2-az3",
            "cidr_block": "10.0.2.0/24",
            "customer_owned_ipv4_pool": "",
            "enable_dns64": false,
            "enable_lni_at_device_index": 0,
            "enable_resource_name_dns_a_record_on_launch": false,
            "enable_resource_name_dns_aaaa_record_on_launch": false,
            "id": "subnet-07c1bd00cced934c1",
            "ipv6_cidr_block": "",
            "ipv6_cidr_block_association_id": "",
            "ipv6_native": false,
            "map_customer_owned_ip_on_launch": false,
            "map_public_ip_on_launch": true,
            "outpost_arn": "",
            "owner_id": "067614922044",
            "private_dns_hostname_type_on_launch": "ip-name",
            "region": "ap-southeast-2",
            "tags": {
              "Name": "doc-ingestion-dev-public-1",
              "Tier": "public"
            },
            "tags_all": {
              "Name": "doc-ingestion-dev-public-1",
              "Tier": "public"
            },
            "timeouts": null,
            "vpc_id": "vpc-02ee0947e4a6a2743"
          },
          "sensitive_attributes": [],
          "identity_schema_version": 0,
          "identity": {
            "account_id": "067614922044",
            "id": "subnet-07c1bd00cced934c1",
            "region": "ap-southeast-2"
          },
          "private": "eyJlMmJmYjczMC1lY2FhLTExZTYtOGY4OC0zNDM2M2JjN2M0YzAiOnsiY3JlYXRlIjo2MDAwMDAwMDAwMDAsImRlbGV0ZSI6MTIwMDAwMDAwMDAwMH0sInNjaGVtYV92ZXJzaW9uIjoiMSJ9",
          "dependencies": [
            "module.vpc.aws_vpc.this"
          ]
        }
      ]
    },
    {
      "module": "module.vpc",
      "mode": "managed",
      "type": "aws_vpc",
      "name": "this",
      "provider": "provider[\"registry.terraform.io/hashicorp/aws\"]",
      "instances": [
        {
          "schema_version": 1,
          "attributes": {
            "arn": "arn:aws:ec2:ap-southeast-2:067614922044:vpc/vpc-02ee0947e4a6a2743",
            "assign_generated_ipv6_cidr_block": false,
            "cidr_block": "10.0.0.0/16",
            "default_network_acl_id": "acl-052c7e14141e32c7a",
            "default_route_table_id": "rtb-087503e7a6c4a89f3",
            "default_security_group_id": "sg-02caee0794e080814",
            "dhcp_options_id": "dopt-0beaa21753030f018",
            "enable_dns_hostnames": true,
            "enable_dns_support": true,
            "enable_network_address_usage_metrics": false,
            "id": "vpc-02ee0947e4a6a2743",
            "instance_tenancy": "default",
            "ipv4_ipam_pool_id": null,
            "ipv4_netmask_length": null,
            "ipv6_association_id": "",
            "ipv6_cidr_block": "",
            "ipv6_cidr_block_network_border_group": "",
            "ipv6_ipam_pool_id": "",
            "ipv6_netmask_length": 0,
            "main_route_table_id": "rtb-087503e7a6c4a89f3",
            "owner_id": "067614922044",
            "region": "ap-southeast-2",
            "tags": {
              "Environment": "dev",
              "Name": "doc-ingestion-dev-vpc"
            },
            "tags_all": {
              "Environment": "dev",
              "Name": "doc-ingestion-dev-vpc"
            }
          },
          "sensitive_attributes": [],
          "identity_schema_version": 0,
          "identity": {
            "account_id": "067614922044",
            "id": "vpc-02ee0947e4a6a2743",
            "region": "ap-southeast-2"
          },
          "private": "eyJzY2hlbWFfdmVyc2lvbiI6IjEifQ=="
        }
      ]
    }
  ],
  "check_results": null
}
